
Microsoft Visual Studio Solution File, Format Version 12.00
# Visual Studio Version 16
VisualStudioVersion = 16.0.30011.22
MinimumVisualStudioVersion = 10.0.40219.1
Project("{8BC9CEB8-8B4A-11D0-8D11-00A0C91BC942}") = "Trenager Prot. 0.3", "Trenager Prot. 0.3.vcxproj", "{16BDF66F-F34B-4959-8872-25D0B0A6E4FE}"
EndProject
Global
	GlobalSection(SolutionConfigurationPlatforms) = preSolution
		Debug|x64 = Debug|x64
		Debug|x86 = Debug|x86
		Release|x64 = Release|x64
		Release|x86 = Release|x86
	EndGlobalSection
	GlobalSection(ProjectConfigurationPlatforms) = postSolution
		{16BDF66F-F34B-4959-8872-25D0B0A6E4FE}.Debug|x64.ActiveCfg = Debug|x64
		{16BDF66F-F34B-4959-8872-25D0B0A6E4FE}.Debug|x64.Build.0 = Debug|x64
		{16BDF66F-F34B-4959-8872-25D0B0A6E4FE}.Debug|x86.ActiveCfg = Debug|Win32
		{16BDF66F-F34B-4959-8872-25D0B0A6E4FE}.Debug|x86.Build.0 = Debug|Win32
		{16BDF66F-F34B-4959-8872-25D0B0A6E4FE}.Release|x64.ActiveCfg = Release|x64
		{16BDF66F-F34B-4959-8872-25D0B0A6E4FE}.Release|x64.Build.0 = Release|x64
		{16BDF66F-F34B-4959-8872-25D0B0A6E4FE}.Release|x86.ActiveCfg = Release|Win32
		{16BDF66F-F34B-4959-8872-25D0B0A6E4FE}.Release|x86.Build.0 = Release|Win32
	EndGlobalSection
	GlobalSection(SolutionProperties) = preSolution
		HideSolutionNode = FALSE
	EndGlobalSection
	GlobalSection(ExtensibilityGlobals) = postSolution
		SolutionGuid = {623A9F27-98BE-4F68-A05C-8F04C72FFCA9}
	EndGlobalSection
EndGlobal
